// !$*UTF8*$!
{
	archiveVersion = 1;
	classes = {
	};
	objectVersion = 50;
	objects = {

/* Begin PBXBuildFile section */
		B02198BDC2CCCE241EDC82AA /* Pods_Todoey.framework in Frameworks */ = {isa = PBXBuildFile; fileRef = BEAE00F0974C1D37D4EBC7FB /* Pods_Todoey.framework */; };
		CEE7AB9722B7712200DC0617 /* CategoryViewController.swift in Sources */ = {isa = PBXBuildFile; fileRef = CEE7AB9622B7712200DC0617 /* CategoryViewController.swift */; };
		CEE7AB9B22BF1FB600DC0617 /* Item.swift in Sources */ = {isa = PBXBuildFile; fileRef = CEE7AB9A22BF1FB600DC0617 /* Item.swift */; };
		CEE7AB9D22BF1FCD00DC0617 /* Category.swift in Sources */ = {isa = PBXBuildFile; fileRef = CEE7AB9C22BF1FCD00DC0617 /* Category.swift */; };
		CEF638A222A5D9D50035CCCA /* AppDelegate.swift in Sources */ = {isa = PBXBuildFile; fileRef = CEF638A122A5D9D50035CCCA /* AppDelegate.swift */; };
		CEF638A422A5D9D50035CCCA /* TodoListViewController.swift in Sources */ = {isa = PBXBuildFile; fileRef = CEF638A322A5D9D50035CCCA /* TodoListViewController.swift */; };
		CEF638A722A5D9D50035CCCA /* Main.storyboard in Resources */ = {isa = PBXBuildFile; fileRef = CEF638A522A5D9D50035CCCA /* Main.storyboard */; };
		CEF638A922A5D9DB0035CCCA /* Assets.xcassets in Resources */ = {isa = PBXBuildFile; fileRef = CEF638A822A5D9DB0035CCCA /* Assets.xcassets */; };
		CEF638AC22A5D9DB0035CCCA /* LaunchScreen.storyboard in Resources */ = {isa = PBXBuildFile; fileRef = CEF638AA22A5D9DB0035CCCA /* LaunchScreen.storyboard */; };
/* End PBXBuildFile section */

/* Begin PBXFileReference section */
		5F78BC9BCF51C51BD729FACE /* Pods-Todoey.debug.xcconfig */ = {isa = PBXFileReference; includeInIndex = 1; lastKnownFileType = text.xcconfig; name = "Pods-Todoey.debug.xcconfig"; path = "Target Support Files/Pods-Todoey/Pods-Todoey.debug.xcconfig"; sourceTree = "<group>"; };
		67E4036DB7082CE563A1CD05 /* Pods-Todoey.release.xcconfig */ = {isa = PBXFileReference; includeInIndex = 1; lastKnownFileType = text.xcconfig; name = "Pods-Todoey.release.xcconfig"; path = "Target Support Files/Pods-Todoey/Pods-Todoey.release.xcconfig"; sourceTree = "<group>"; };
		BEAE00F0974C1D37D4EBC7FB /* Pods_Todoey.framework */ = {isa = PBXFileReference; explicitFileType = wrapper.framework; includeInIndex = 0; path = Pods_Todoey.framework; sourceTree = BUILT_PRODUCTS_DIR; };
		CE32443222B241560028980F /* Todoey.entitlements */ = {isa = PBXFileReference; lastKnownFileType = text.plist.entitlements; path = Todoey.entitlements; sourceTree = "<group>"; };
		CEE7AB9622B7712200DC0617 /* CategoryViewController.swift */ = {isa = PBXFileReference; lastKnownFileType = sourcecode.swift; path = CategoryViewController.swift; sourceTree = "<group>"; };
		CEE7AB9A22BF1FB600DC0617 /* Item.swift */ = {isa = PBXFileReference; lastKnownFileType = sourcecode.swift; path = Item.swift; sourceTree = "<group>"; };
		CEE7AB9C22BF1FCD00DC0617 /* Category.swift */ = {isa = PBXFileReference; lastKnownFileType = sourcecode.swift; path = Category.swift; sourceTree = "<group>"; };
		CEF6389E22A5D9D50035CCCA /* Todoey.app */ = {isa = PBXFileReference; explicitFileType = wrapper.application; includeInIndex = 0; path = Todoey.app; sourceTree = BUILT_PRODUCTS_DIR; };
		CEF638A122A5D9D50035CCCA /* AppDelegate.swift */ = {isa = PBXFileReference; lastKnownFileType = sourcecode.swift; path = AppDelegate.swift; sourceTree = "<group>"; };
		CEF638A322A5D9D50035CCCA /* TodoListViewController.swift */ = {isa = PBXFileReference; lastKnownFileType = sourcecode.swift; path = TodoListViewController.swift; sourceTree = "<group>"; };
		CEF638A622A5D9D50035CCCA /* Base */ = {isa = PBXFileReference; lastKnownFileType = file.storyboard; name = Base; path = Base.lproj/Main.storyboard; sourceTree = "<group>"; };
		CEF638A822A5D9DB0035CCCA /* Assets.xcassets */ = {isa = PBXFileReference; lastKnownFileType = folder.assetcatalog; path = Assets.xcassets; sourceTree = "<group>"; };
		CEF638AB22A5D9DB0035CCCA /* Base */ = {isa = PBXFileReference; lastKnownFileType = file.storyboard; name = Base; path = Base.lproj/LaunchScreen.storyboard; sourceTree = "<group>"; };
		CEF638AD22A5D9DB0035CCCA /* Info.plist */ = {isa = PBXFileReference; lastKnownFileType = text.plist.xml; path = Info.plist; sourceTree = "<group>"; };
/* End PBXFileReference section */

/* Begin PBXFrameworksBuildPhase section */
		CEF6389B22A5D9D50035CCCA /* Frameworks */ = {
			isa = PBXFrameworksBuildPhase;
			buildActionMask = 2147483647;
			files = (
				B02198BDC2CCCE241EDC82AA /* Pods_Todoey.framework in Frameworks */,
			);
			runOnlyForDeploymentPostprocessing = 0;
		};
/* End PBXFrameworksBuildPhase section */

/* Begin PBXGroup section */
		979D859132255260E5FDB670 /* Pods */ = {
			isa = PBXGroup;
			children = (
				5F78BC9BCF51C51BD729FACE /* Pods-Todoey.debug.xcconfig */,
				67E4036DB7082CE563A1CD05 /* Pods-Todoey.release.xcconfig */,
			);
			path = Pods;
			sourceTree = "<group>";
		};
		A2C14D0CF0E9EBD563932C9E /* Frameworks */ = {
			isa = PBXGroup;
			children = (
				BEAE00F0974C1D37D4EBC7FB /* Pods_Todoey.framework */,
			);
			name = Frameworks;
			sourceTree = "<group>";
		};
		CEF6389522A5D9D50035CCCA = {
			isa = PBXGroup;
			children = (
				CEF638A022A5D9D50035CCCA /* Todoey */,
				CEF6389F22A5D9D50035CCCA /* Products */,
				979D859132255260E5FDB670 /* Pods */,
				A2C14D0CF0E9EBD563932C9E /* Frameworks */,
			);
			sourceTree = "<group>";
		};
		CEF6389F22A5D9D50035CCCA /* Products */ = {
			isa = PBXGroup;
			children = (
				CEF6389E22A5D9D50035CCCA /* Todoey.app */,
			);
			name = Products;
			sourceTree = "<group>";
		};
		CEF638A022A5D9D50035CCCA /* Todoey */ = {
			isa = PBXGroup;
			children = (
				CE32443222B241560028980F /* Todoey.entitlements */,
				CEF638A122A5D9D50035CCCA /* AppDelegate.swift */,
				CEF638B622A774710035CCCA /* Controllers */,
				CEF638B522A774330035CCCA /* dataModel */,
				CEF638B722A774970035CCCA /* Views */,
				CEF638B822A774BF0035CCCA /* Supporting Files */,
				CEF638AD22A5D9DB0035CCCA /* Info.plist */,
			);
			path = Todoey;
			sourceTree = "<group>";
		};
		CEF638B522A774330035CCCA /* dataModel */ = {
			isa = PBXGroup;
			children = (
				CEE7AB9C22BF1FCD00DC0617 /* Category.swift */,
				CEE7AB9A22BF1FB600DC0617 /* Item.swift */,
			);
			path = dataModel;
			sourceTree = "<group>";
		};
		CEF638B622A774710035CCCA /* Controllers */ = {
			isa = PBXGroup;
			children = (
				CEE7AB9622B7712200DC0617 /* CategoryViewController.swift */,
				CEF638A322A5D9D50035CCCA /* TodoListViewController.swift */,
			);
			path = Controllers;
			sourceTree = "<group>";
		};
		CEF638B722A774970035CCCA /* Views */ = {
			isa = PBXGroup;
			children = (
				CEF638A522A5D9D50035CCCA /* Main.storyboard */,
			);
			path = Views;
			sourceTree = "<group>";
		};
		CEF638B822A774BF0035CCCA /* Supporting Files */ = {
			isa = PBXGroup;
			children = (
				CEF638AA22A5D9DB0035CCCA /* LaunchScreen.storyboard */,
				CEF638A822A5D9DB0035CCCA /* Assets.xcassets */,
			);
			path = "Supporting Files";
			sourceTree = "<group>";
		};
/* End PBXGroup section */

/* Begin PBXNativeTarget section */
		CEF6389D22A5D9D50035CCCA /* Todoey */ = {
			isa = PBXNativeTarget;
			buildConfigurationList = CEF638B022A5D9DB0035CCCA /* Build configuration list for PBXNativeTarget "Todoey" */;
			buildPhases = (
				3B811BE655C270782F14DBB2 /* [CP] Check Pods Manifest.lock */,
				CEF6389A22A5D9D50035CCCA /* Sources */,
				CEF6389B22A5D9D50035CCCA /* Frameworks */,
				CEF6389C22A5D9D50035CCCA /* Resources */,
				C0B4D9F50AF7EC9A7D28D862 /* [CP] Embed Pods Frameworks */,
			);
			buildRules = (
			);
			dependencies = (
			);
			name = Todoey;
			productName = Todoey;
			productReference = CEF6389E22A5D9D50035CCCA /* Todoey.app */;
			productType = "com.apple.product-type.application";
		};
/* End PBXNativeTarget section */

/* Begin PBXProject section */
		CEF6389622A5D9D50035CCCA /* Project object */ = {
			isa = PBXProject;
			attributes = {
				LastSwiftUpdateCheck = 0940;
				LastUpgradeCheck = 0940;
				ORGANIZATIONNAME = kymsemmler;
				TargetAttributes = {
					CEF6389D22A5D9D50035CCCA = {
						CreatedOnToolsVersion = 9.4.1;
						SystemCapabilities = {
							com.apple.ClassKit = {
								enabled = 0;
							};
						};
					};
				};
			};
			buildConfigurationList = CEF6389922A5D9D50035CCCA /* Build configuration list for PBXProject "Todoey" */;
			compatibilityVersion = "Xcode 9.3";
			developmentRegion = en;
			hasScannedForEncodings = 0;
			knownRegions = (
				en,
				Base,
			);
			mainGroup = CEF6389522A5D9D50035CCCA;
			productRefGroup = CEF6389F22A5D9D50035CCCA /* Products */;
			projectDirPath = "";
			projectRoot = "";
			targets = (
				CEF6389D22A5D9D50035CCCA /* Todoey */,
			);
		};
/* End PBXProject section */

/* Begin PBXResourcesBuildPhase section */
		CEF6389C22A5D9D50035CCCA /* Resources */ = {
			isa = PBXResourcesBuildPhase;
			buildActionMask = 2147483647;
			files = (
				CEF638AC22A5D9DB0035CCCA /* LaunchScreen.storyboard in Resources */,
				CEF638A922A5D9DB0035CCCA /* Assets.xcassets in Resources */,
				CEF638A722A5D9D50035CCCA /* Main.storyboard in Resources */,
			);
			runOnlyForDeploymentPostprocessing = 0;
		};
/* End PBXResourcesBuildPhase section */

/* Begin PBXShellScriptBuildPhase section */
		3B811BE655C270782F14DBB2 /* [CP] Check Pods Manifest.lock */ = {
			isa = PBXShellScriptBuildPhase;
			buildActionMask = 2147483647;
			files = (
			);
			inputPaths = (
				"${PODS_PODFILE_DIR_PATH}/Podfile.lock",
				"${PODS_ROOT}/Manifest.lock",
			);
			name = "[CP] Check Pods Manifest.lock";
			outputPaths = (
				"$(DERIVED_FILE_DIR)/Pods-Todoey-checkManifestLockResult.txt",
			);
			runOnlyForDeploymentPostprocessing = 0;
			shellPath = /bin/sh;
			shellScript = "diff \"${PODS_PODFILE_DIR_PATH}/Podfile.lock\" \"${PODS_ROOT}/Manifest.lock\" > /dev/null\nif [ $? != 0 ] ; then\n    # print error to STDERR\n    echo \"error: The sandbox is not in sync with the Podfile.lock. Run 'pod install' or update your CocoaPods installation.\" >&2\n    exit 1\nfi\n# This output is used by Xcode 'outputs' to avoid re-running this script phase.\necho \"SUCCESS\" > \"${SCRIPT_OUTPUT_FILE_0}\"\n";
			showEnvVarsInLog = 0;
		};
		C0B4D9F50AF7EC9A7D28D862 /* [CP] Embed Pods Frameworks */ = {
			isa = PBXShellScriptBuildPhase;
			buildActionMask = 2147483647;
			files = (
			);
			name = "[CP] Embed Pods Frameworks";
			runOnlyForDeploymentPostprocessing = 0;
			shellPath = /bin/sh;
			shellScript = "\"${PODS_ROOT}/Target Support Files/Pods-Todoey/Pods-Todoey-frameworks.sh\"\n";
			showEnvVarsInLog = 0;
		};
/* End PBXShellScriptBuildPhase section */

/* Begin PBXSourcesBuildPhase section */
		CEF6389A22A5D9D50035CCCA /* Sources */ = {
			isa = PBXSourcesBuildPhase;
			buildActionMask = 2147483647;
			files = (
				CEE7AB9B22BF1FB600DC0617 /* Item.swift in Sources */,
				CEE7AB9722B7712200DC0617 /* CategoryViewController.swift in Sources */,
				CEF638A422A5D9D50035CCCA /* TodoListViewController.swift in Sources */,
				CEF638A222A5D9D50035CCCA /* AppDelegate.swift in Sources */,
				CEE7AB9D22BF1FCD00DC0617 /* Category.swift in Sources */,
			);
			runOnlyForDeploymentPostprocessing = 0;
		};
/* End PBXSourcesBuildPhase section */

/* Begin PBXVariantGroup section */
		CEF638A522A5D9D50035CCCA /* Main.storyboard */ = {
			isa = PBXVariantGroup;
			children = (
				CEF638A622A5D9D50035CCCA /* Base */,
			);
			name = Main.storyboard;
			sourceTree = "<group>";
		};
		CEF638AA22A5D9DB0035CCCA /* LaunchScreen.storyboard */ = {
			isa = PBXVariantGroup;
			children = (
				CEF638AB22A5D9DB0035CCCA /* Base */,
			);
			name = LaunchScreen.storyboard;
			sourceTree = "<group>";
		};
/* End PBXVariantGroup section */

/* Begin XCBuildConfiguration section */
		CEF638AE22A5D9DB0035CCCA /* Debug */ = {
			isa = XCBuildConfiguration;
			buildSettings = {
				ALWAYS_SEARCH_USER_PATHS = NO;
				CLANG_ANALYZER_NONNULL = YES;
				CLANG_ANALYZER_NUMBER_OBJECT_CONVERSION = YES_AGGRESSIVE;
				CLANG_CXX_LANGUAGE_STANDARD = "gnu++14";
				CLANG_CXX_LIBRARY = "libc++";
				CLANG_ENABLE_MODULES = YES;
				CLANG_ENABLE_OBJC_ARC = YES;
				CLANG_ENABLE_OBJC_WEAK = YES;
				CLANG_WARN_BLOCK_CAPTURE_AUTORELEASING = YES;
				CLANG_WARN_BOOL_CONVERSION = YES;
				CLANG_WARN_COMMA = YES;
				CLANG_WARN_CONSTANT_CONVERSION = YES;
				CLANG_WARN_DEPRECATED_OBJC_IMPLEMENTATIONS = YES;
				CLANG_WARN_DIRECT_OBJC_ISA_USAGE = YES_ERROR;
				CLANG_WARN_DOCUMENTATION_COMMENTS = YES;
				CLANG_WARN_EMPTY_BODY = YES;
				CLANG_WARN_ENUM_CONVERSION = YES;
				CLANG_WARN_INFINITE_RECURSION = YES;
				CLANG_WARN_INT_CONVERSION = YES;
				CLANG_WARN_NON_LITERAL_NULL_CONVERSION = YES;
				CLANG_WARN_OBJC_IMPLICIT_RETAIN_SELF = YES;
				CLANG_WARN_OBJC_LITERAL_CONVERSION = YES;
				CLANG_WARN_OBJC_ROOT_CLASS = YES_ERROR;
				CLANG_WARN_RANGE_LOOP_ANALYSIS = YES;
				CLANG_WARN_STRICT_PROTOTYPES = YES;
				CLANG_WARN_SUSPICIOUS_MOVE = YES;
				CLANG_WARN_UNGUARDED_AVAILABILITY = YES_AGGRESSIVE;
				CLANG_WARN_UNREACHABLE_CODE = YES;
				CLANG_WARN__DUPLICATE_METHOD_MATCH = YES;
				CODE_SIGN_IDENTITY = "iPhone Developer";
				COPY_PHASE_STRIP = NO;
				DEBUG_INFORMATION_FORMAT = dwarf;
				ENABLE_STRICT_OBJC_MSGSEND = YES;
				ENABLE_TESTABILITY = YES;
				GCC_C_LANGUAGE_STANDARD = gnu11;
				GCC_DYNAMIC_NO_PIC = NO;
				GCC_NO_COMMON_BLOCKS = YES;
				GCC_OPTIMIZATION_LEVEL = 0;
				GCC_PREPROCESSOR_DEFINITIONS = (
					"DEBUG=1",
					"$(inherited)",
				);
				GCC_WARN_64_TO_32_BIT_CONVERSION = YES;
				GCC_WARN_ABOUT_RETURN_TYPE = YES_ERROR;
				GCC_WARN_UNDECLARED_SELECTOR = YES;
				GCC_WARN_UNINITIALIZED_AUTOS = YES_AGGRESSIVE;
				GCC_WARN_UNUSED_FUNCTION = YES;
				GCC_WARN_UNUSED_VARIABLE = YES;
				IPHONEOS_DEPLOYMENT_TARGET = 11.4;
				MTL_ENABLE_DEBUG_INFO = YES;
				ONLY_ACTIVE_ARCH = YES;
				SDKROOT = iphoneos;
				SWIFT_ACTIVE_COMPILATION_CONDITIONS = DEBUG;
				SWIFT_OPTIMIZATION_LEVEL = "-Onone";
			};
			name = Debug;
		};
		CEF638AF22A5D9DB0035CCCA /* Release */ = {
			isa = XCBuildConfiguration;
			buildSettings = {
				ALWAYS_SEARCH_USER_PATHS = NO;
				CLANG_ANALYZER_NONNULL = YES;
				CLANG_ANALYZER_NUMBER_OBJECT_CONVERSION = YES_AGGRESSIVE;
				CLANG_CXX_LANGUAGE_STANDARD = "gnu++14";
				CLANG_CXX_LIBRARY = "libc++";
				CLANG_ENABLE_MODULES = YES;
				CLANG_ENABLE_OBJC_ARC = YES;
				CLANG_ENABLE_OBJC_WEAK = YES;
				CLANG_WARN_BLOCK_CAPTURE_AUTORELEASING = YES;
				CLANG_WARN_BOOL_CONVERSION = YES;
				CLANG_WARN_COMMA = YES;
				CLANG_WARN_CONSTANT_CONVERSION = YES;
				CLANG_WARN_DEPRECATED_OBJC_IMPLEMENTATIONS = YES;
				CLANG_WARN_DIRECT_OBJC_ISA_USAGE = YES_ERROR;
				CLANG_WARN_DOCUMENTATION_COMMENTS = YES;
				CLANG_WARN_EMPTY_BODY = YES;
				CLANG_WARN_ENUM_CONVERSION = YES;
				CLANG_WARN_INFINITE_RECURSION = YES;
				CLANG_WARN_INT_CONVERSION = YES;
				CLANG_WARN_NON_LITERAL_NULL_CONVERSION = YES;
				CLANG_WARN_OBJC_IMPLICIT_RETAIN_SELF = YES;
				CLANG_WARN_OBJC_LITERAL_CONVERSION = YES;
				CLANG_WARN_OBJC_ROOT_CLASS = YES_ERROR;
				CLANG_WARN_RANGE_LOOP_ANALYSIS = YES;
				CLANG_WARN_STRICT_PROTOTYPES = YES;
				CLANG_WARN_SUSPICIOUS_MOVE = YES;
				CLANG_WARN_UNGUARDED_AVAILABILITY = YES_AGGRESSIVE;
				CLANG_WARN_UNREACHABLE_CODE = YES;
				CLANG_WARN__DUPLICATE_METHOD_MATCH = YES;
				CODE_SIGN_IDENTITY = "iPhone Developer";
				COPY_PHASE_STRIP = NO;
				DEBUG_INFORMATION_FORMAT = "dwarf-with-dsym";
				ENABLE_NS_ASSERTIONS = NO;
				ENABLE_STRICT_OBJC_MSGSEND = YES;
				GCC_C_LANGUAGE_STANDARD = gnu11;
				GCC_NO_COMMON_BLOCKS = YES;
				GCC_WARN_64_TO_32_BIT_CONVERSION = YES;
				GCC_WARN_ABOUT_RETURN_TYPE = YES_ERROR;
				GCC_WARN_UNDECLARED_SELECTOR = YES;
				GCC_WARN_UNINITIALIZED_AUTOS = YES_AGGRESSIVE;
				GCC_WARN_UNUSED_FUNCTION = YES;
				GCC_WARN_UNUSED_VARIABLE = YES;
				IPHONEOS_DEPLOYMENT_TARGET = 11.4;
				MTL_ENABLE_DEBUG_INFO = NO;
				SDKROOT = iphoneos;
				SWIFT_COMPILATION_MODE = wholemodule;
				SWIFT_OPTIMIZATION_LEVEL = "-O";
				VALIDATE_PRODUCT = YES;
			};
			name = Release;
		};
		CEF638B122A5D9DB0035CCCA /* Debug */ = {
			isa = XCBuildConfiguration;
			baseConfigurationReference = 5F78BC9BCF51C51BD729FACE /* Pods-Todoey.debug.xcconfig */;
			buildSettings = {
				ASSETCATALOG_COMPILER_APPICON_NAME = AppIcon;
				CODE_SIGN_STYLE = Automatic;
				DEVELOPMENT_TEAM = AFW5BC4M58;
				INFOPLIST_FILE = Todoey/Info.plist;
				INFOPLIST_PREPROCESS = YES;
				LD_RUNPATH_SEARCH_PATHS = (
					"$(inherited)",
					"@executable_path/Frameworks",
				);
				PRODUCT_BUNDLE_IDENTIFIER = com.kymsemmler.Todoey;
				PRODUCT_NAME = "$(TARGET_NAME)";
				SWIFT_VERSION = 4.0;
				TARGETED_DEVICE_FAMILY = "1,2";
			};
			name = Debug;
		};
		CEF638B222A5D9DB0035CCCA /* Release */ = {
			isa = XCBuildConfiguration;
			baseConfigurationReference = 67E4036DB7082CE563A1CD05 /* Pods-Todoey.release.xcconfig */;
			buildSettings = {
				ASSETCATALOG_COMPILER_APPICON_NAME = AppIcon;
				CODE_SIGN_STYLE = Automatic;
				DEVELOPMENT_TEAM = AFW5BC4M58;
				INFOPLIST_FILE = Todoey/Info.plist;
				INFOPLIST_PREPROCESS = YES;
				LD_RUNPATH_SEARCH_PATHS = (
					"$(inherited)",
					"@executable_path/Frameworks",
				);
				PRODUCT_BUNDLE_IDENTIFIER = com.kymsemmler.Todoey;
				PRODUCT_NAME = "$(TARGET_NAME)";
				SWIFT_VERSION = 4.0;
				TARGETED_DEVICE_FAMILY = "1,2";
			};
			name = Release;
		};
/* End XCBuildConfiguration section */

/* Begin XCConfigurationList section */
		CEF6389922A5D9D50035CCCA /* Build configuration list for PBXProject "Todoey" */ = {
			isa = XCConfigurationList;
			buildConfigurations = (
				CEF638AE22A5D9DB0035CCCA /* Debug */,
				CEF638AF22A5D9DB0035CCCA /* Release */,
			);
			defaultConfigurationIsVisible = 0;
			defaultConfigurationName = Release;
		};
		CEF638B022A5D9DB0035CCCA /* Build configuration list for PBXNativeTarget "Todoey" */ = {
			isa = XCConfigurationList;
			buildConfigurations = (
				CEF638B122A5D9DB0035CCCA /* Debug */,
				CEF638B222A5D9DB0035CCCA /* Release */,
			);
			defaultConfigurationIsVisible = 0;
			defaultConfigurationName = Release;
		};
/* End XCConfigurationList section */
	};
	rootObject = CEF6389622A5D9D50035CCCA /* Project object */;
}
